
Microsoft Visual Studio Solution File, Format Version 12.00
# Visual Studio Version 16
VisualStudioVersion = 16.0.30503.244
MinimumVisualStudioVersion = 10.0.40219.1
Project("{FAE04EC0-301F-11D3-BF4B-00C04F79EFBC}") = "ClaseVisualStudio", "ClaseVisualStudio\ClaseVisualStudio.csproj", "{48746329-C731-4C03-926B-82CCE0AEFF8B}"
EndProject
Global
	GlobalSection(SolutionConfigurationPlatforms) = preSolution
		Debug|Any CPU = Debug|Any CPU
		Release|Any CPU = Release|Any CPU
	EndGlobalSection
	GlobalSection(ProjectConfigurationPlatforms) = postSolution
		{48746329-C731-4C03-926B-82CCE0AEFF8B}.Debug|Any CPU.ActiveCfg = Debug|Any CPU
		{48746329-C731-4C03-926B-82CCE0AEFF8B}.Debug|Any CPU.Build.0 = Debug|Any CPU
		{48746329-C731-4C03-926B-82CCE0AEFF8B}.Release|Any CPU.ActiveCfg = Release|Any CPU
		{48746329-C731-4C03-926B-82CCE0AEFF8B}.Release|Any CPU.Build.0 = Release|Any CPU
	EndGlobalSection
	GlobalSection(SolutionProperties) = preSolution
		HideSolutionNode = FALSE
	EndGlobalSection
	GlobalSection(ExtensibilityGlobals) = postSolution
		SolutionGuid = {95A4E044-146A-484D-952A-469B41CB59D6}
	EndGlobalSection
EndGlobal
